<?xml version="1.0" encoding="UTF-8" standalone="yes" ?>
<CodeBlocks_project_file>
	<FileVersion major="1" minor="6" />
	<Project>
		<Option title="spectrometer" />
		<Option makefile_is_custom="1" />
		<Option pch_mode="2" />
		<Option compiler="gcc" />
		<Option virtualFolders="addons/;src/;build config/;addons/ofxControlPanel/src/;addons/ofxXmlSettings/libs/;addons/ofxXmlSettings/src/;" />
		<Build>
			<Target title="Debug">
				<Option output="bin/$(PROJECT_NAME)_debug" prefix_auto="1" extension_auto="1" />
				<Option working_dir="bin" />
				<Option object_output="obj/Debug/" />
				<Option external_deps="../../../libs/openFrameworksCompiled/lib/linux64/libopenFrameworksDebug.a;" />
				<Option type="1" />
				<Option compiler="gcc" />
				<Option projectLinkerOptionsRelation="2" />
			</Target>
			<Target title="Release">
				<Option output="bin/$(PROJECT_NAME)" prefix_auto="1" extension_auto="1" />
				<Option working_dir="bin" />
				<Option object_output="obj/Release/" />
				<Option external_deps="../../../libs/openFrameworksCompiled/lib/linux64/libopenFrameworks.a;" />
				<Option type="1" />
				<Option compiler="gcc" />
				<Option projectLinkerOptionsRelation="2" />
			</Target>
		</Build>
		<Unit filename="../../../addons/ofxControlPanel/src/guiBaseObject.cpp">
			<Option virtualFolder="addons/ofxControlPanel/src" />
		</Unit>
		<Unit filename="../../../addons/ofxControlPanel/src/guiBaseObject.h">
			<Option virtualFolder="addons/ofxControlPanel/src" />
		</Unit>
		<Unit filename="../../../addons/ofxControlPanel/src/guiCallback.cpp">
			<Option virtualFolder="addons/ofxControlPanel/src" />
		</Unit>
		<Unit filename="../../../addons/ofxControlPanel/src/guiCallback.h">
			<Option virtualFolder="addons/ofxControlPanel/src" />
		</Unit>
		<Unit filename="../../../addons/ofxControlPanel/src/guiCallbackValue.cpp">
			<Option virtualFolder="addons/ofxControlPanel/src" />
		</Unit>
		<Unit filename="../../../addons/ofxControlPanel/src/guiCallbackValue.h">
			<Option virtualFolder="addons/ofxControlPanel/src" />
		</Unit>
		<Unit filename="../../../addons/ofxControlPanel/src/guiColor.cpp">
			<Option virtualFolder="addons/ofxControlPanel/src" />
		</Unit>
		<Unit filename="../../../addons/ofxControlPanel/src/guiColor.h">
			<Option virtualFolder="addons/ofxControlPanel/src" />
		</Unit>
		<Unit filename="../../../addons/ofxControlPanel/src/guiCustomImpl.h">
			<Option virtualFolder="addons/ofxControlPanel/src" />
		</Unit>
		<Unit filename="../../../addons/ofxControlPanel/src/guiIncludes.h">
			<Option virtualFolder="addons/ofxControlPanel/src" />
		</Unit>
		<Unit filename="../../../addons/ofxControlPanel/src/guiTextBase.cpp">
			<Option virtualFolder="addons/ofxControlPanel/src" />
		</Unit>
		<Unit filename="../../../addons/ofxControlPanel/src/guiTextBase.h">
			<Option virtualFolder="addons/ofxControlPanel/src" />
		</Unit>
		<Unit filename="../../../addons/ofxControlPanel/src/guiType2DSlider.cpp">
			<Option virtualFolder="addons/ofxControlPanel/src" />
		</Unit>
		<Unit filename="../../../addons/ofxControlPanel/src/guiType2DSlider.h">
			<Option virtualFolder="addons/ofxControlPanel/src" />
		</Unit>
		<Unit filename="../../../addons/ofxControlPanel/src/guiTypeButtonSlider.cpp">
			<Option virtualFolder="addons/ofxControlPanel/src" />
		</Unit>
		<Unit filename="../../../addons/ofxControlPanel/src/guiTypeButtonSlider.h">
			<Option virtualFolder="addons/ofxControlPanel/src" />
		</Unit>
		<Unit filename="../../../addons/ofxControlPanel/src/guiTypeChartPlotter.cpp">
			<Option virtualFolder="addons/ofxControlPanel/src" />
		</Unit>
		<Unit filename="../../../addons/ofxControlPanel/src/guiTypeChartPlotter.h">
			<Option virtualFolder="addons/ofxControlPanel/src" />
		</Unit>
		<Unit filename="../../../addons/ofxControlPanel/src/guiTypeCustom.cpp">
			<Option virtualFolder="addons/ofxControlPanel/src" />
		</Unit>
		<Unit filename="../../../addons/ofxControlPanel/src/guiTypeCustom.h">
			<Option virtualFolder="addons/ofxControlPanel/src" />
		</Unit>
		<Unit filename="../../../addons/ofxControlPanel/src/guiTypeDrawable.cpp">
			<Option virtualFolder="addons/ofxControlPanel/src" />
		</Unit>
		<Unit filename="../../../addons/ofxControlPanel/src/guiTypeDrawable.h">
			<Option virtualFolder="addons/ofxControlPanel/src" />
		</Unit>
		<Unit filename="../../../addons/ofxControlPanel/src/guiTypeFileLister.cpp">
			<Option virtualFolder="addons/ofxControlPanel/src" />
		</Unit>
		<Unit filename="../../../addons/ofxControlPanel/src/guiTypeFileLister.h">
			<Option virtualFolder="addons/ofxControlPanel/src" />
		</Unit>
		<Unit filename="../../../addons/ofxControlPanel/src/guiTypeLabel.cpp">
			<Option virtualFolder="addons/ofxControlPanel/src" />
		</Unit>
		<Unit filename="../../../addons/ofxControlPanel/src/guiTypeLabel.h">
			<Option virtualFolder="addons/ofxControlPanel/src" />
		</Unit>
		<Unit filename="../../../addons/ofxControlPanel/src/guiTypeLogger.cpp">
			<Option virtualFolder="addons/ofxControlPanel/src" />
		</Unit>
		<Unit filename="../../../addons/ofxControlPanel/src/guiTypeLogger.h">
			<Option virtualFolder="addons/ofxControlPanel/src" />
		</Unit>
		<Unit filename="../../../addons/ofxControlPanel/src/guiTypeMultiToggle.cpp">
			<Option virtualFolder="addons/ofxControlPanel/src" />
		</Unit>
		<Unit filename="../../../addons/ofxControlPanel/src/guiTypeMultiToggle.h">
			<Option virtualFolder="addons/ofxControlPanel/src" />
		</Unit>
		<Unit filename="../../../addons/ofxControlPanel/src/guiTypePanel.cpp">
			<Option virtualFolder="addons/ofxControlPanel/src" />
		</Unit>
		<Unit filename="../../../addons/ofxControlPanel/src/guiTypePanel.h">
			<Option virtualFolder="addons/ofxControlPanel/src" />
		</Unit>
		<Unit filename="../../../addons/ofxControlPanel/src/guiTypeSlider.cpp">
			<Option virtualFolder="addons/ofxControlPanel/src" />
		</Unit>
		<Unit filename="../../../addons/ofxControlPanel/src/guiTypeSlider.h">
			<Option virtualFolder="addons/ofxControlPanel/src" />
		</Unit>
		<Unit filename="../../../addons/ofxControlPanel/src/guiTypeText.cpp">
			<Option virtualFolder="addons/ofxControlPanel/src" />
		</Unit>
		<Unit filename="../../../addons/ofxControlPanel/src/guiTypeText.h">
			<Option virtualFolder="addons/ofxControlPanel/src" />
		</Unit>
		<Unit filename="../../../addons/ofxControlPanel/src/guiTypeTextDropDown.cpp">
			<Option virtualFolder="addons/ofxControlPanel/src" />
		</Unit>
		<Unit filename="../../../addons/ofxControlPanel/src/guiTypeTextDropDown.h">
			<Option virtualFolder="addons/ofxControlPanel/src" />
		</Unit>
		<Unit filename="../../../addons/ofxControlPanel/src/guiTypeTextInput.cpp">
			<Option virtualFolder="addons/ofxControlPanel/src" />
		</Unit>
		<Unit filename="../../../addons/ofxControlPanel/src/guiTypeTextInput.h">
			<Option virtualFolder="addons/ofxControlPanel/src" />
		</Unit>
		<Unit filename="../../../addons/ofxControlPanel/src/guiTypeToggle.cpp">
			<Option virtualFolder="addons/ofxControlPanel/src" />
		</Unit>
		<Unit filename="../../../addons/ofxControlPanel/src/guiTypeToggle.h">
			<Option virtualFolder="addons/ofxControlPanel/src" />
		</Unit>
		<Unit filename="../../../addons/ofxControlPanel/src/guiTypeVairableLister.cpp">
			<Option virtualFolder="addons/ofxControlPanel/src" />
		</Unit>
		<Unit filename="../../../addons/ofxControlPanel/src/guiTypeVairableLister.h">
			<Option virtualFolder="addons/ofxControlPanel/src" />
		</Unit>
		<Unit filename="../../../addons/ofxControlPanel/src/guiTypeVideo.cpp">
			<Option virtualFolder="addons/ofxControlPanel/src" />
		</Unit>
		<Unit filename="../../../addons/ofxControlPanel/src/guiTypeVideo.h">
			<Option virtualFolder="addons/ofxControlPanel/src" />
		</Unit>
		<Unit filename="../../../addons/ofxControlPanel/src/guiValue.cpp">
			<Option virtualFolder="addons/ofxControlPanel/src" />
		</Unit>
		<Unit filename="../../../addons/ofxControlPanel/src/guiValue.h">
			<Option virtualFolder="addons/ofxControlPanel/src" />
		</Unit>
		<Unit filename="../../../addons/ofxControlPanel/src/guiVariablePointer.h">
			<Option virtualFolder="addons/ofxControlPanel/src" />
		</Unit>
		<Unit filename="../../../addons/ofxControlPanel/src/guiXmlValue.h">
			<Option virtualFolder="addons/ofxControlPanel/src" />
		</Unit>
		<Unit filename="../../../addons/ofxControlPanel/src/ofxAutoControlPanel.h">
			<Option virtualFolder="addons/ofxControlPanel/src" />
		</Unit>
		<Unit filename="../../../addons/ofxControlPanel/src/ofxControlPanel.cpp">
			<Option virtualFolder="addons/ofxControlPanel/src" />
		</Unit>
		<Unit filename="../../../addons/ofxControlPanel/src/ofxControlPanel.h">
			<Option virtualFolder="addons/ofxControlPanel/src" />
		</Unit>
		<Unit filename="../../../addons/ofxControlPanel/src/simpleColor.cpp">
			<Option virtualFolder="addons/ofxControlPanel/src" />
		</Unit>
		<Unit filename="../../../addons/ofxControlPanel/src/simpleColor.h">
			<Option virtualFolder="addons/ofxControlPanel/src" />
		</Unit>
		<Unit filename="../../../addons/ofxControlPanel/src/simpleFileLister.cpp">
			<Option virtualFolder="addons/ofxControlPanel/src" />
		</Unit>
		<Unit filename="../../../addons/ofxControlPanel/src/simpleFileLister.h">
			<Option virtualFolder="addons/ofxControlPanel/src" />
		</Unit>
		<Unit filename="../../../addons/ofxControlPanel/src/simpleLogger.cpp">
			<Option virtualFolder="addons/ofxControlPanel/src" />
		</Unit>
		<Unit filename="../../../addons/ofxControlPanel/src/simpleLogger.h">
			<Option virtualFolder="addons/ofxControlPanel/src" />
		</Unit>
		<Unit filename="../../../addons/ofxXmlSettings/libs/tinyxml.cpp">
			<Option virtualFolder="addons/ofxXmlSettings/libs" />
		</Unit>
		<Unit filename="../../../addons/ofxXmlSettings/libs/tinyxml.h">
			<Option virtualFolder="addons/ofxXmlSettings/libs" />
		</Unit>
		<Unit filename="../../../addons/ofxXmlSettings/libs/tinyxmlerror.cpp">
			<Option virtualFolder="addons/ofxXmlSettings/libs" />
		</Unit>
		<Unit filename="../../../addons/ofxXmlSettings/libs/tinyxmlparser.cpp">
			<Option virtualFolder="addons/ofxXmlSettings/libs" />
		</Unit>
		<Unit filename="../../../addons/ofxXmlSettings/src/ofxXmlSettings.cpp">
			<Option virtualFolder="addons/ofxXmlSettings/src" />
		</Unit>
		<Unit filename="../../../addons/ofxXmlSettings/src/ofxXmlSettings.h">
			<Option virtualFolder="addons/ofxXmlSettings/src" />
		</Unit>
		<Unit filename="config.make">
			<Option virtualFolder="build config" />
		</Unit>
		<Unit filename="src/graph.cpp">
			<Option virtualFolder="src/" />
		</Unit>
		<Unit filename="src/graph.h">
			<Option virtualFolder="src/" />
		</Unit>
		<Unit filename="src/main.cpp">
			<Option virtualFolder="src/" />
		</Unit>
		<Unit filename="src/testApp.cpp">
			<Option virtualFolder="src/" />
		</Unit>
		<Unit filename="src/testApp.h">
			<Option virtualFolder="src/" />
		</Unit>
		<Extensions>
			<code_completion />
			<envvars />
			<debugger />
		</Extensions>
	</Project>
</CodeBlocks_project_file>
